// !$*UTF8*$!
{
	archiveVersion = 1;
	classes = {
	};
	objectVersion = 46;
	objects = {

/* Begin PBXBuildFile section */
		1571483F1BC0723C0098881E /* AppDelegate.swift in Sources */ = {isa = PBXBuildFile; fileRef = 1571483E1BC0723C0098881E /* AppDelegate.swift */; };
		157148441BC0723C0098881E /* Main.storyboard in Resources */ = {isa = PBXBuildFile; fileRef = 157148421BC0723C0098881E /* Main.storyboard */; };
		157148461BC0723C0098881E /* Assets.xcassets in Resources */ = {isa = PBXBuildFile; fileRef = 157148451BC0723C0098881E /* Assets.xcassets */; };
		157148491BC0723C0098881E /* LaunchScreen.storyboard in Resources */ = {isa = PBXBuildFile; fileRef = 157148471BC0723C0098881E /* LaunchScreen.storyboard */; };
		157148541BC0723C0098881E /* SwipeToVoteTests.swift in Sources */ = {isa = PBXBuildFile; fileRef = 157148531BC0723C0098881E /* SwipeToVoteTests.swift */; };
		1571485F1BC0723C0098881E /* SwipeToVoteUITests.swift in Sources */ = {isa = PBXBuildFile; fileRef = 1571485E1BC0723C0098881E /* SwipeToVoteUITests.swift */; };
		1571486D1BC072CB0098881E /* VoteViewController.swift in Sources */ = {isa = PBXBuildFile; fileRef = 1571486C1BC072CB0098881E /* VoteViewController.swift */; settings = {ASSET_TAGS = (); }; };
		8EC5140C4072528C6EC7B79B /* Pods.framework in Frameworks */ = {isa = PBXBuildFile; fileRef = 7A7E0FD42A8F2523EDB2ADF5 /* Pods.framework */; settings = {ATTRIBUTES = (Weak, ); }; };
/* End PBXBuildFile section */

/* Begin PBXContainerItemProxy section */
		157148501BC0723C0098881E /* PBXContainerItemProxy */ = {
			isa = PBXContainerItemProxy;
			containerPortal = 157148331BC0723C0098881E /* Project object */;
			proxyType = 1;
			remoteGlobalIDString = 1571483A1BC0723C0098881E;
			remoteInfo = SwipeToVote;
		};
		1571485B1BC0723C0098881E /* PBXContainerItemProxy */ = {
			isa = PBXContainerItemProxy;
			containerPortal = 157148331BC0723C0098881E /* Project object */;
			proxyType = 1;
			remoteGlobalIDString = 1571483A1BC0723C0098881E;
			remoteInfo = SwipeToVote;
		};
/* End PBXContainerItemProxy section */

/* Begin PBXFileReference section */
		1571483B1BC0723C0098881E /* SwipeToVote.app */ = {isa = PBXFileReference; explicitFileType = wrapper.application; includeInIndex = 0; path = SwipeToVote.app; sourceTree = BUILT_PRODUCTS_DIR; };
		1571483E1BC0723C0098881E /* AppDelegate.swift */ = {isa = PBXFileReference; lastKnownFileType = sourcecode.swift; path = AppDelegate.swift; sourceTree = "<group>"; };
		157148431BC0723C0098881E /* Base */ = {isa = PBXFileReference; lastKnownFileType = file.storyboard; name = Base; path = Base.lproj/Main.storyboard; sourceTree = "<group>"; };
		157148451BC0723C0098881E /* Assets.xcassets */ = {isa = PBXFileReference; lastKnownFileType = folder.assetcatalog; path = Assets.xcassets; sourceTree = "<group>"; };
		157148481BC0723C0098881E /* Base */ = {isa = PBXFileReference; lastKnownFileType = file.storyboard; name = Base; path = Base.lproj/LaunchScreen.storyboard; sourceTree = "<group>"; };
		1571484A1BC0723C0098881E /* Info.plist */ = {isa = PBXFileReference; lastKnownFileType = text.plist.xml; path = Info.plist; sourceTree = "<group>"; };
		1571484F1BC0723C0098881E /* SwipeToVoteTests.xctest */ = {isa = PBXFileReference; explicitFileType = wrapper.cfbundle; includeInIndex = 0; path = SwipeToVoteTests.xctest; sourceTree = BUILT_PRODUCTS_DIR; };
		157148531BC0723C0098881E /* SwipeToVoteTests.swift */ = {isa = PBXFileReference; lastKnownFileType = sourcecode.swift; path = SwipeToVoteTests.swift; sourceTree = "<group>"; };
		157148551BC0723C0098881E /* Info.plist */ = {isa = PBXFileReference; lastKnownFileType = text.plist.xml; path = Info.plist; sourceTree = "<group>"; };
		1571485A1BC0723C0098881E /* SwipeToVoteUITests.xctest */ = {isa = PBXFileReference; explicitFileType = wrapper.cfbundle; includeInIndex = 0; path = SwipeToVoteUITests.xctest; sourceTree = BUILT_PRODUCTS_DIR; };
		1571485E1BC0723C0098881E /* SwipeToVoteUITests.swift */ = {isa = PBXFileReference; lastKnownFileType = sourcecode.swift; path = SwipeToVoteUITests.swift; sourceTree = "<group>"; };
		157148601BC0723C0098881E /* Info.plist */ = {isa = PBXFileReference; lastKnownFileType = text.plist.xml; path = Info.plist; sourceTree = "<group>"; };
		1571486C1BC072CB0098881E /* VoteViewController.swift */ = {isa = PBXFileReference; fileEncoding = 4; lastKnownFileType = sourcecode.swift; path = VoteViewController.swift; sourceTree = "<group>"; };
		3D1D22D02D7B08BF23AA7CE1 /* Pods.debug.xcconfig */ = {isa = PBXFileReference; includeInIndex = 1; lastKnownFileType = text.xcconfig; name = Pods.debug.xcconfig; path = "Pods/Target Support Files/Pods/Pods.debug.xcconfig"; sourceTree = "<group>"; };
		7A7E0FD42A8F2523EDB2ADF5 /* Pods.framework */ = {isa = PBXFileReference; explicitFileType = wrapper.framework; includeInIndex = 0; path = Pods.framework; sourceTree = BUILT_PRODUCTS_DIR; };
		D3B9B4F8FED08CFE877FCFB1 /* Pods.release.xcconfig */ = {isa = PBXFileReference; includeInIndex = 1; lastKnownFileType = text.xcconfig; name = Pods.release.xcconfig; path = "Pods/Target Support Files/Pods/Pods.release.xcconfig"; sourceTree = "<group>"; };
/* End PBXFileReference section */

/* Begin PBXFrameworksBuildPhase section */
		157148381BC0723C0098881E /* Frameworks */ = {
			isa = PBXFrameworksBuildPhase;
			buildActionMask = 2147483647;
			files = (
				8EC5140C4072528C6EC7B79B /* Pods.framework in Frameworks */,
			);
			runOnlyForDeploymentPostprocessing = 0;
		};
		1571484C1BC0723C0098881E /* Frameworks */ = {
			isa = PBXFrameworksBuildPhase;
			buildActionMask = 2147483647;
			files = (
			);
			runOnlyForDeploymentPostprocessing = 0;
		};
		157148571BC0723C0098881E /* Frameworks */ = {
			isa = PBXFrameworksBuildPhase;
			buildActionMask = 2147483647;
			files = (
			);
			runOnlyForDeploymentPostprocessing = 0;
		};
/* End PBXFrameworksBuildPhase section */

/* Begin PBXGroup section */
		157148321BC0723C0098881E = {
			isa = PBXGroup;
			children = (
				1571483D1BC0723C0098881E /* SwipeToVote */,
				157148521BC0723C0098881E /* SwipeToVoteTests */,
				1571485D1BC0723C0098881E /* SwipeToVoteUITests */,
				1571483C1BC0723C0098881E /* Products */,
				E783FF00A53283C4A96607E9 /* Pods */,
				D362F96A29CADADF1525BAF6 /* Frameworks */,
			);
			sourceTree = "<group>";
		};
		1571483C1BC0723C0098881E /* Products */ = {
			isa = PBXGroup;
			children = (
				1571483B1BC0723C0098881E /* SwipeToVote.app */,
				1571484F1BC0723C0098881E /* SwipeToVoteTests.xctest */,
				1571485A1BC0723C0098881E /* SwipeToVoteUITests.xctest */,
			);
			name = Products;
			sourceTree = "<group>";
		};
		1571483D1BC0723C0098881E /* SwipeToVote */ = {
			isa = PBXGroup;
			children = (
				157148421BC0723C0098881E /* Main.storyboard */,
				1571486C1BC072CB0098881E /* VoteViewController.swift */,
				157148451BC0723C0098881E /* Assets.xcassets */,
				1571483E1BC0723C0098881E /* AppDelegate.swift */,
				157148471BC0723C0098881E /* LaunchScreen.storyboard */,
				1571484A1BC0723C0098881E /* Info.plist */,
			);
			path = SwipeToVote;
			sourceTree = "<group>";
		};
		157148521BC0723C0098881E /* SwipeToVoteTests */ = {
			isa = PBXGroup;
			children = (
				157148531BC0723C0098881E /* SwipeToVoteTests.swift */,
				157148551BC0723C0098881E /* Info.plist */,
			);
			path = SwipeToVoteTests;
			sourceTree = "<group>";
		};
		1571485D1BC0723C0098881E /* SwipeToVoteUITests */ = {
			isa = PBXGroup;
			children = (
				1571485E1BC0723C0098881E /* SwipeToVoteUITests.swift */,
				157148601BC0723C0098881E /* Info.plist */,
			);
			path = SwipeToVoteUITests;
			sourceTree = "<group>";
		};
		D362F96A29CADADF1525BAF6 /* Frameworks */ = {
			isa = PBXGroup;
			children = (
				7A7E0FD42A8F2523EDB2ADF5 /* Pods.framework */,
			);
			name = Frameworks;
			sourceTree = "<group>";
		};
		E783FF00A53283C4A96607E9 /* Pods */ = {
			isa = PBXGroup;
			children = (
				3D1D22D02D7B08BF23AA7CE1 /* Pods.debug.xcconfig */,
				D3B9B4F8FED08CFE877FCFB1 /* Pods.release.xcconfig */,
			);
			name = Pods;
			sourceTree = "<group>";
		};
/* End PBXGroup section */

/* Begin PBXNativeTarget section */
		1571483A1BC0723C0098881E /* SwipeToVote */ = {
			isa = PBXNativeTarget;
			buildConfigurationList = 157148631BC0723C0098881E /* Build configuration list for PBXNativeTarget "SwipeToVote" */;
			buildPhases = (
				73BCAF7AE507E14188C38AA3 /* Check Pods Manifest.lock */,
				157148371BC0723C0098881E /* Sources */,
				157148381BC0723C0098881E /* Frameworks */,
				157148391BC0723C0098881E /* Resources */,
				7A4599748F9041657928A848 /* Embed Pods Frameworks */,
				7C2BD1D30D52CB435D2487CF /* Copy Pods Resources */,
			);
			buildRules = (
			);
			dependencies = (
			);
			name = SwipeToVote;
			productName = SwipeToVote;
			productReference = 1571483B1BC0723C0098881E /* SwipeToVote.app */;
			productType = "com.apple.product-type.application";
		};
		1571484E1BC0723C0098881E /* SwipeToVoteTests */ = {
			isa = PBXNativeTarget;
			buildConfigurationList = 157148661BC0723C0098881E /* Build configuration list for PBXNativeTarget "SwipeToVoteTests" */;
			buildPhases = (
				1571484B1BC0723C0098881E /* Sources */,
				1571484C1BC0723C0098881E /* Frameworks */,
				1571484D1BC0723C0098881E /* Resources */,
			);
			buildRules = (
			);
			dependencies = (
				157148511BC0723C0098881E /* PBXTargetDependency */,
			);
			name = SwipeToVoteTests;
			productName = SwipeToVoteTests;
			productReference = 1571484F1BC0723C0098881E /* SwipeToVoteTests.xctest */;
			productType = "com.apple.product-type.bundle.unit-test";
		};
		157148591BC0723C0098881E /* SwipeToVoteUITests */ = {
			isa = PBXNativeTarget;
			buildConfigurationList = 157148691BC0723C0098881E /* Build configuration list for PBXNativeTarget "SwipeToVoteUITests" */;
			buildPhases = (
				157148561BC0723C0098881E /* Sources */,
				157148571BC0723C0098881E /* Frameworks */,
				157148581BC0723C0098881E /* Resources */,
			);
			buildRules = (
			);
			dependencies = (
				1571485C1BC0723C0098881E /* PBXTargetDependency */,
			);
			name = SwipeToVoteUITests;
			productName = SwipeToVoteUITests;
			productReference = 1571485A1BC0723C0098881E /* SwipeToVoteUITests.xctest */;
			productType = "com.apple.product-type.bundle.ui-testing";
		};
/* End PBXNativeTarget section */

/* Begin PBXProject section */
		157148331BC0723C0098881E /* Project object */ = {
			isa = PBXProject;
			attributes = {
				LastUpgradeCheck = 0700;
				ORGANIZATIONNAME = "Jackson Doherty";
				TargetAttributes = {
					1571483A1BC0723C0098881E = {
						CreatedOnToolsVersion = 7.0.1;
					};
					1571484E1BC0723C0098881E = {
						CreatedOnToolsVersion = 7.0.1;
						TestTargetID = 1571483A1BC0723C0098881E;
					};
					157148591BC0723C0098881E = {
						CreatedOnToolsVersion = 7.0.1;
						TestTargetID = 1571483A1BC0723C0098881E;
					};
				};
			};
			buildConfigurationList = 157148361BC0723C0098881E /* Build configuration list for PBXProject "SwipeToVote" */;
			compatibilityVersion = "Xcode 3.2";
			developmentRegion = English;
			hasScannedForEncodings = 0;
			knownRegions = (
				en,
				Base,
			);
			mainGroup = 157148321BC0723C0098881E;
			productRefGroup = 1571483C1BC0723C0098881E /* Products */;
			projectDirPath = "";
			projectRoot = "";
			targets = (
				1571483A1BC0723C0098881E /* SwipeToVote */,
				1571484E1BC0723C0098881E /* SwipeToVoteTests */,
				157148591BC0723C0098881E /* SwipeToVoteUITests */,
			);
		};
/* End PBXProject section */

/* Begin PBXResourcesBuildPhase section */
		157148391BC0723C0098881E /* Resources */ = {
			isa = PBXResourcesBuildPhase;
			buildActionMask = 2147483647;
			files = (
				157148491BC0723C0098881E /* LaunchScreen.storyboard in Resources */,
				157148461BC0723C0098881E /* Assets.xcassets in Resources */,
				157148441BC0723C0098881E /* Main.storyboard in Resources */,
			);
			runOnlyForDeploymentPostprocessing = 0;
		};
		1571484D1BC0723C0098881E /* Resources */ = {
			isa = PBXResourcesBuildPhase;
			buildActionMask = 2147483647;
			files = (
			);
			runOnlyForDeploymentPostprocessing = 0;
		};
		157148581BC0723C0098881E /* Resources */ = {
			isa = PBXResourcesBuildPhase;
			buildActionMask = 2147483647;
			files = (
			);
			runOnlyForDeploymentPostprocessing = 0;
		};
/* End PBXResourcesBuildPhase section */

/* Begin PBXShellScriptBuildPhase section */
		73BCAF7AE507E14188C38AA3 /* Check Pods Manifest.lock */ = {
			isa = PBXShellScriptBuildPhase;
			buildActionMask = 2147483647;
			files = (
			);
			inputPaths = (
			);
			name = "Check Pods Manifest.lock";
			outputPaths = (
			);
			runOnlyForDeploymentPostprocessing = 0;
			shellPath = /bin/sh;
			shellScript = "diff \"${PODS_ROOT}/../Podfile.lock\" \"${PODS_ROOT}/Manifest.lock\" > /dev/null\nif [[ $? != 0 ]] ; then\n    cat << EOM\nerror: The sandbox is not in sync with the Podfile.lock. Run 'pod install' or update your CocoaPods installation.\nEOM\n    exit 1\nfi\n";
			showEnvVarsInLog = 0;
		};
		7A4599748F9041657928A848 /* Embed Pods Frameworks */ = {
			isa = PBXShellScriptBuildPhase;
			buildActionMask = 2147483647;
			files = (
			);
			inputPaths = (
			);
			name = "Embed Pods Frameworks";
			outputPaths = (
			);
			runOnlyForDeploymentPostprocessing = 0;
			shellPath = /bin/sh;
			shellScript = "\"${SRCROOT}/Pods/Target Support Files/Pods/Pods-frameworks.sh\"\n";
			showEnvVarsInLog = 0;
		};
		7C2BD1D30D52CB435D2487CF /* Copy Pods Resources */ = {
			isa = PBXShellScriptBuildPhase;
			buildActionMask = 2147483647;
			files = (
			);
			inputPaths = (
			);
			name = "Copy Pods Resources";
			outputPaths = (
			);
			runOnlyForDeploymentPostprocessing = 0;
			shellPath = /bin/sh;
			shellScript = "\"${SRCROOT}/Pods/Target Support Files/Pods/Pods-resources.sh\"\n";
			showEnvVarsInLog = 0;
		};
/* End PBXShellScriptBuildPhase section */

/* Begin PBXSourcesBuildPhase section */
		157148371BC0723C0098881E /* Sources */ = {
			isa = PBXSourcesBuildPhase;
			buildActionMask = 2147483647;
			files = (
				1571486D1BC072CB0098881E /* VoteViewController.swift in Sources */,
				1571483F1BC0723C0098881E /* AppDelegate.swift in Sources */,
			);
			runOnlyForDeploymentPostprocessing = 0;
		};
		1571484B1BC0723C0098881E /* Sources */ = {
			isa = PBXSourcesBuildPhase;
			buildActionMask = 2147483647;
			files = (
				157148541BC0723C0098881E /* SwipeToVoteTests.swift in Sources */,
			);
			runOnlyForDeploymentPostprocessing = 0;
		};
		157148561BC0723C0098881E /* Sources */ = {
			isa = PBXSourcesBuildPhase;
			buildActionMask = 2147483647;
			files = (
				1571485F1BC0723C0098881E /* SwipeToVoteUITests.swift in Sources */,
			);
			runOnlyForDeploymentPostprocessing = 0;
		};
/* End PBXSourcesBuildPhase section */

/* Begin PBXTargetDependency section */
		157148511BC0723C0098881E /* PBXTargetDependency */ = {
			isa = PBXTargetDependency;
			target = 1571483A1BC0723C0098881E /* SwipeToVote */;
			targetProxy = 157148501BC0723C0098881E /* PBXContainerItemProxy */;
		};
		1571485C1BC0723C0098881E /* PBXTargetDependency */ = {
			isa = PBXTargetDependency;
			target = 1571483A1BC0723C0098881E /* SwipeToVote */;
			targetProxy = 1571485B1BC0723C0098881E /* PBXContainerItemProxy */;
		};
/* End PBXTargetDependency section */

/* Begin PBXVariantGroup section */
		157148421BC0723C0098881E /* Main.storyboard */ = {
			isa = PBXVariantGroup;
			children = (
				157148431BC0723C0098881E /* Base */,
			);
			name = Main.storyboard;
			sourceTree = "<group>";
		};
		157148471BC0723C0098881E /* LaunchScreen.storyboard */ = {
			isa = PBXVariantGroup;
			children = (
				157148481BC0723C0098881E /* Base */,
			);
			name = LaunchScreen.storyboard;
			sourceTree = "<group>";
		};
/* End PBXVariantGroup section */

/* Begin XCBuildConfiguration section */
		157148611BC0723C0098881E /* Debug */ = {
			isa = XCBuildConfiguration;
			buildSettings = {
				ALWAYS_SEARCH_USER_PATHS = NO;
				CLANG_CXX_LANGUAGE_STANDARD = "gnu++0x";
				CLANG_CXX_LIBRARY = "libc++";
				CLANG_ENABLE_MODULES = YES;
				CLANG_ENABLE_OBJC_ARC = YES;
				CLANG_WARN_BOOL_CONVERSION = YES;
				CLANG_WARN_CONSTANT_CONVERSION = YES;
				CLANG_WARN_DIRECT_OBJC_ISA_USAGE = YES_ERROR;
				CLANG_WARN_EMPTY_BODY = YES;
				CLANG_WARN_ENUM_CONVERSION = YES;
				CLANG_WARN_INT_CONVERSION = YES;
				CLANG_WARN_OBJC_ROOT_CLASS = YES_ERROR;
				CLANG_WARN_UNREACHABLE_CODE = YES;
				CLANG_WARN__DUPLICATE_METHOD_MATCH = YES;
				"CODE_SIGN_IDENTITY[sdk=iphoneos*]" = "iPhone Developer";
				COPY_PHASE_STRIP = NO;
				DEBUG_INFORMATION_FORMAT = dwarf;
				ENABLE_STRICT_OBJC_MSGSEND = YES;
				ENABLE_TESTABILITY = YES;
				GCC_C_LANGUAGE_STANDARD = gnu99;
				GCC_DYNAMIC_NO_PIC = NO;
				GCC_NO_COMMON_BLOCKS = YES;
				GCC_OPTIMIZATION_LEVEL = 0;
				GCC_PREPROCESSOR_DEFINITIONS = (
					"DEBUG=1",
					"$(inherited)",
				);
				GCC_WARN_64_TO_32_BIT_CONVERSION = YES;
				GCC_WARN_ABOUT_RETURN_TYPE = YES_ERROR;
				GCC_WARN_UNDECLARED_SELECTOR = YES;
				GCC_WARN_UNINITIALIZED_AUTOS = YES_AGGRESSIVE;
				GCC_WARN_UNUSED_FUNCTION = YES;
				GCC_WARN_UNUSED_VARIABLE = YES;
				IPHONEOS_DEPLOYMENT_TARGET = 9.0;
				MTL_ENABLE_DEBUG_INFO = YES;
				ONLY_ACTIVE_ARCH = YES;
				SDKROOT = iphoneos;
				SWIFT_OPTIMIZATION_LEVEL = "-Onone";
			};
			name = Debug;
		};
		157148621BC0723C0098881E /* Release */ = {
			isa = XCBuildConfiguration;
			buildSettings = {
				ALWAYS_SEARCH_USER_PATHS = NO;
				CLANG_CXX_LANGUAGE_STANDARD = "gnu++0x";
				CLANG_CXX_LIBRARY = "libc++";
				CLANG_ENABLE_MODULES = YES;
				CLANG_ENABLE_OBJC_ARC = YES;
				CLANG_WARN_BOOL_CONVERSION = YES;
				CLANG_WARN_CONSTANT_CONVERSION = YES;
				CLANG_WARN_DIRECT_OBJC_ISA_USAGE = YES_ERROR;
				CLANG_WARN_EMPTY_BODY = YES;
				CLANG_WARN_ENUM_CONVERSION = YES;
				CLANG_WARN_INT_CONVERSION = YES;
				CLANG_WARN_OBJC_ROOT_CLASS = YES_ERROR;
				CLANG_WARN_UNREACHABLE_CODE = YES;
				CLANG_WARN__DUPLICATE_METHOD_MATCH = YES;
				"CODE_SIGN_IDENTITY[sdk=iphoneos*]" = "iPhone Developer";
				COPY_PHASE_STRIP = NO;
				DEBUG_INFORMATION_FORMAT = "dwarf-with-dsym";
				ENABLE_NS_ASSERTIONS = NO;
				ENABLE_STRICT_OBJC_MSGSEND = YES;
				GCC_C_LANGUAGE_STANDARD = gnu99;
				GCC_NO_COMMON_BLOCKS = YES;
				GCC_WARN_64_TO_32_BIT_CONVERSION = YES;
				GCC_WARN_ABOUT_RETURN_TYPE = YES_ERROR;
				GCC_WARN_UNDECLARED_SELECTOR = YES;
				GCC_WARN_UNINITIALIZED_AUTOS = YES_AGGRESSIVE;
				GCC_WARN_UNUSED_FUNCTION = YES;
				GCC_WARN_UNUSED_VARIABLE = YES;
				IPHONEOS_DEPLOYMENT_TARGET = 9.0;
				MTL_ENABLE_DEBUG_INFO = NO;
				SDKROOT = iphoneos;
				VALIDATE_PRODUCT = YES;
			};
			name = Release;
		};
		157148641BC0723C0098881E /* Debug */ = {
			isa = XCBuildConfiguration;
			baseConfigurationReference = 3D1D22D02D7B08BF23AA7CE1 /* Pods.debug.xcconfig */;
			buildSettings = {
				ASSETCATALOG_COMPILER_APPICON_NAME = AppIcon;
				INFOPLIST_FILE = SwipeToVote/Info.plist;
				LD_RUNPATH_SEARCH_PATHS = "$(inherited) @executable_path/Frameworks";
				PRODUCT_BUNDLE_IDENTIFIER = JacksonDoherty.SwipeToVote;
				PRODUCT_NAME = "$(TARGET_NAME)";
			};
			name = Debug;
		};
		157148651BC0723C0098881E /* Release */ = {
			isa = XCBuildConfiguration;
			baseConfigurationReference = D3B9B4F8FED08CFE877FCFB1 /* Pods.release.xcconfig */;
			buildSettings = {
				ASSETCATALOG_COMPILER_APPICON_NAME = AppIcon;
				INFOPLIST_FILE = SwipeToVote/Info.plist;
				LD_RUNPATH_SEARCH_PATHS = "$(inherited) @executable_path/Frameworks";
				PRODUCT_BUNDLE_IDENTIFIER = JacksonDoherty.SwipeToVote;
				PRODUCT_NAME = "$(TARGET_NAME)";
			};
			name = Release;
		};
		157148671BC0723C0098881E /* Debug */ = {
			isa = XCBuildConfiguration;
			buildSettings = {
				BUNDLE_LOADER = "$(TEST_HOST)";
				INFOPLIST_FILE = SwipeToVoteTests/Info.plist;
				LD_RUNPATH_SEARCH_PATHS = "$(inherited) @executable_path/Frameworks @loader_path/Frameworks";
				PRODUCT_BUNDLE_IDENTIFIER = JacksonDoherty.SwipeToVoteTests;
				PRODUCT_NAME = "$(TARGET_NAME)";
				TEST_HOST = "$(BUILT_PRODUCTS_DIR)/SwipeToVote.app/SwipeToVote";
			};
			name = Debug;
		};
		157148681BC0723C0098881E /* Release */ = {
			isa = XCBuildConfiguration;
			buildSettings = {
				BUNDLE_LOADER = "$(TEST_HOST)";
				INFOPLIST_FILE = SwipeToVoteTests/Info.plist;
				LD_RUNPATH_SEARCH_PATHS = "$(inherited) @executable_path/Frameworks @loader_path/Frameworks";
				PRODUCT_BUNDLE_IDENTIFIER = JacksonDoherty.SwipeToVoteTests;
				PRODUCT_NAME = "$(TARGET_NAME)";
				TEST_HOST = "$(BUILT_PRODUCTS_DIR)/SwipeToVote.app/SwipeToVote";
			};
			name = Release;
		};
		1571486A1BC0723C0098881E /* Debug */ = {
			isa = XCBuildConfiguration;
			buildSettings = {
				INFOPLIST_FILE = SwipeToVoteUITests/Info.plist;
				LD_RUNPATH_SEARCH_PATHS = "$(inherited) @executable_path/Frameworks @loader_path/Frameworks";
				PRODUCT_BUNDLE_IDENTIFIER = JacksonDoherty.SwipeToVoteUITests;
				PRODUCT_NAME = "$(TARGET_NAME)";
				TEST_TARGET_NAME = SwipeToVote;
				USES_XCTRUNNER = YES;
			};
			name = Debug;
		};
		1571486B1BC0723C0098881E /* Release */ = {
			isa = XCBuildConfiguration;
			buildSettings = {
				INFOPLIST_FILE = SwipeToVoteUITests/Info.plist;
				LD_RUNPATH_SEARCH_PATHS = "$(inherited) @executable_path/Frameworks @loader_path/Frameworks";
				PRODUCT_BUNDLE_IDENTIFIER = JacksonDoherty.SwipeToVoteUITests;
				PRODUCT_NAME = "$(TARGET_NAME)";
				TEST_TARGET_NAME = SwipeToVote;
				USES_XCTRUNNER = YES;
			};
			name = Release;
		};
/* End XCBuildConfiguration section */

/* Begin XCConfigurationList section */
		157148361BC0723C0098881E /* Build configuration list for PBXProject "SwipeToVote" */ = {
			isa = XCConfigurationList;
			buildConfigurations = (
				157148611BC0723C0098881E /* Debug */,
				157148621BC0723C0098881E /* Release */,
			);
			defaultConfigurationIsVisible = 0;
			defaultConfigurationName = Release;
		};
		157148631BC0723C0098881E /* Build configuration list for PBXNativeTarget "SwipeToVote" */ = {
			isa = XCConfigurationList;
			buildConfigurations = (
				157148641BC0723C0098881E /* Debug */,
				157148651BC0723C0098881E /* Release */,
			);
			defaultConfigurationIsVisible = 0;
			defaultConfigurationName = Release;
		};
		157148661BC0723C0098881E /* Build configuration list for PBXNativeTarget "SwipeToVoteTests" */ = {
			isa = XCConfigurationList;
			buildConfigurations = (
				157148671BC0723C0098881E /* Debug */,
				157148681BC0723C0098881E /* Release */,
			);
			defaultConfigurationIsVisible = 0;
			defaultConfigurationName = Release;
		};
		157148691BC0723C0098881E /* Build configuration list for PBXNativeTarget "SwipeToVoteUITests" */ = {
			isa = XCConfigurationList;
			buildConfigurations = (
				1571486A1BC0723C0098881E /* Debug */,
				1571486B1BC0723C0098881E /* Release */,
			);
			defaultConfigurationIsVisible = 0;
			defaultConfigurationName = Release;
		};
/* End XCConfigurationList section */
	};
	rootObject = 157148331BC0723C0098881E /* Project object */;
}
